
Microsoft Visual Studio Solution File, Format Version 12.00
# Visual Studio Version 17
VisualStudioVersion = 17.7.34202.233
MinimumVisualStudioVersion = 10.0.40219.1
Project("{FAE04EC0-301F-11D3-BF4B-00C04F79EFBC}") = "Empresa.Endereco.Api", "Empresa.Endereco.Api\Empresa.Endereco.Api.csproj", "{383CBE25-59AC-412C-B5A9-87BCE77744B7}"
EndProject
Project("{FAE04EC0-301F-11D3-BF4B-00C04F79EFBC}") = "Empresa.Endereco.Dominio", "Empresa.Endereco.Dominio\Empresa.Endereco.Dominio.csproj", "{30B34F1D-8F55-468C-99EE-B522312EF5D7}"
EndProject
Project("{FAE04EC0-301F-11D3-BF4B-00C04F79EFBC}") = "Empresa.Endereco.Servico", "Empresa.Endereco.Servico\Empresa.Endereco.Servico.csproj", "{3D9719EA-B265-47B1-9179-8B74BD831489}"
EndProject
Global
	GlobalSection(SolutionConfigurationPlatforms) = preSolution
		Debug|Any CPU = Debug|Any CPU
		Release|Any CPU = Release|Any CPU
	EndGlobalSection
	GlobalSection(ProjectConfigurationPlatforms) = postSolution
		{383CBE25-59AC-412C-B5A9-87BCE77744B7}.Debug|Any CPU.ActiveCfg = Debug|Any CPU
		{383CBE25-59AC-412C-B5A9-87BCE77744B7}.Debug|Any CPU.Build.0 = Debug|Any CPU
		{383CBE25-59AC-412C-B5A9-87BCE77744B7}.Release|Any CPU.ActiveCfg = Release|Any CPU
		{383CBE25-59AC-412C-B5A9-87BCE77744B7}.Release|Any CPU.Build.0 = Release|Any CPU
		{30B34F1D-8F55-468C-99EE-B522312EF5D7}.Debug|Any CPU.ActiveCfg = Debug|Any CPU
		{30B34F1D-8F55-468C-99EE-B522312EF5D7}.Debug|Any CPU.Build.0 = Debug|Any CPU
		{30B34F1D-8F55-468C-99EE-B522312EF5D7}.Release|Any CPU.ActiveCfg = Release|Any CPU
		{30B34F1D-8F55-468C-99EE-B522312EF5D7}.Release|Any CPU.Build.0 = Release|Any CPU
		{3D9719EA-B265-47B1-9179-8B74BD831489}.Debug|Any CPU.ActiveCfg = Debug|Any CPU
		{3D9719EA-B265-47B1-9179-8B74BD831489}.Debug|Any CPU.Build.0 = Debug|Any CPU
		{3D9719EA-B265-47B1-9179-8B74BD831489}.Release|Any CPU.ActiveCfg = Release|Any CPU
		{3D9719EA-B265-47B1-9179-8B74BD831489}.Release|Any CPU.Build.0 = Release|Any CPU
	EndGlobalSection
	GlobalSection(SolutionProperties) = preSolution
		HideSolutionNode = FALSE
	EndGlobalSection
	GlobalSection(ExtensibilityGlobals) = postSolution
		SolutionGuid = {84005B47-F503-4D3E-9304-1FB40D3585B9}
	EndGlobalSection
EndGlobal
